
Microsoft Visual Studio Solution File, Format Version 11.00
# Visual Studio 2010
Project("{FAE04EC0-301F-11D3-BF4B-00C04F79EFBC}") = "Rates Splitter", "Rates Splitter\Rates Splitter.csproj", "{4F3BCE16-60ED-41D1-A031-78312CCA118D}"
EndProject
Global
	GlobalSection(SolutionConfigurationPlatforms) = preSolution
		Debug|x86 = Debug|x86
		Release|x86 = Release|x86
	EndGlobalSection
	GlobalSection(ProjectConfigurationPlatforms) = postSolution
		{4F3BCE16-60ED-41D1-A031-78312CCA118D}.Debug|x86.ActiveCfg = Debug|x86
		{4F3BCE16-60ED-41D1-A031-78312CCA118D}.Debug|x86.Build.0 = Debug|x86
		{4F3BCE16-60ED-41D1-A031-78312CCA118D}.Release|x86.ActiveCfg = Release|x86
		{4F3BCE16-60ED-41D1-A031-78312CCA118D}.Release|x86.Build.0 = Release|x86
	EndGlobalSection
	GlobalSection(SolutionProperties) = preSolution
		HideSolutionNode = FALSE
	EndGlobalSection
EndGlobal
